// !$*UTF8*$!
{
	archiveVersion = 1;
	classes = {
	};
	objectVersion = 46;
	objects = {

/* Begin PBXBuildFile section */
		1D60589B0D05DD56006BFB54 /* main.m in Sources */ = {isa = PBXBuildFile; fileRef = 29B97316FDCFA39411CA2CEA /* main.m */; };
		1D60589F0D05DD5A006BFB54 /* Foundation.framework in Frameworks */ = {isa = PBXBuildFile; fileRef = 1D30AB110D05D00D00671497 /* Foundation.framework */; };
		1DF5F4E00D08C38300B7A737 /* UIKit.framework in Frameworks */ = {isa = PBXBuildFile; fileRef = 1DF5F4DF0D08C38300B7A737 /* UIKit.framework */; };
		288765FD0DF74451002DB57D /* CoreGraphics.framework in Frameworks */ = {isa = PBXBuildFile; fileRef = 288765FC0DF74451002DB57D /* CoreGraphics.framework */; };
		46902BBF13A5AC7700BFDF0B /* QuartzCore.framework in Frameworks */ = {isa = PBXBuildFile; fileRef = 46902BBE13A5AC7700BFDF0B /* QuartzCore.framework */; };
		469487C413A0A6A5002836C8 /* PetMenuBarAppDelegate.m in Sources */ = {isa = PBXBuildFile; fileRef = 469487C313A0A6A5002836C8 /* PetMenuBarAppDelegate.m */; };
		F40E88BE1691EADA0065AC91 /* PetMenuBar.m in Sources */ = {isa = PBXBuildFile; fileRef = F40E88BA1691EAB10065AC91 /* PetMenuBar.m */; };
		F40E88BF1691EADA0065AC91 /* PetMenuBarView.m in Sources */ = {isa = PBXBuildFile; fileRef = F40E88BD1691EAB10065AC91 /* PetMenuBarView.m */; };
		F40E89091691F7370065AC91 /* MobileCoreServices.framework in Frameworks */ = {isa = PBXBuildFile; fileRef = F40E89081691F7370065AC91 /* MobileCoreServices.framework */; };
		F40E890B1691F7450065AC91 /* SystemConfiguration.framework in Frameworks */ = {isa = PBXBuildFile; fileRef = F40E890A1691F7450065AC91 /* SystemConfiguration.framework */; };
		F40E890D1691F74E0065AC91 /* CFNetwork.framework in Frameworks */ = {isa = PBXBuildFile; fileRef = F40E890C1691F74D0065AC91 /* CFNetwork.framework */; };
		F40E890F1691F75D0065AC91 /* libz.dylib in Frameworks */ = {isa = PBXBuildFile; fileRef = F40E890E1691F75D0065AC91 /* libz.dylib */; };
		F40E89111691F7650065AC91 /* libxml2.2.dylib in Frameworks */ = {isa = PBXBuildFile; fileRef = F40E89101691F7650065AC91 /* libxml2.2.dylib */; };
		F40E89181691FA310065AC91 /* PetViewController.m in Sources */ = {isa = PBXBuildFile; fileRef = F40E89161691F9B90065AC91 /* PetViewController.m */; settings = {COMPILER_FLAGS = "-fno-objc-arc"; }; };
		F4936B6C16941EF2005D9DB4 /* CollectionViewController.m in Sources */ = {isa = PBXBuildFile; fileRef = F4936B6516941CF9005D9DB4 /* CollectionViewController.m */; settings = {COMPILER_FLAGS = "-fno-objc-arc"; }; };
		F4936B6D16941EF2005D9DB4 /* ColllectionViewCell.m in Sources */ = {isa = PBXBuildFile; fileRef = F4936B6716941CF9005D9DB4 /* ColllectionViewCell.m */; settings = {COMPILER_FLAGS = "-fno-objc-arc"; }; };
		F4936B6E16941EF2005D9DB4 /* WaterFlowLayout.m in Sources */ = {isa = PBXBuildFile; fileRef = F4936B6916941CF9005D9DB4 /* WaterFlowLayout.m */; settings = {COMPILER_FLAGS = "-fno-objc-arc"; }; };
		F4936B7016941EF2005D9DB4 /* LoadingMoreFooterView.m in Sources */ = {isa = PBXBuildFile; fileRef = F4936B6316941CEB005D9DB4 /* LoadingMoreFooterView.m */; settings = {COMPILER_FLAGS = "-fno-objc-arc"; }; };
		F4936B7116941EF2005D9DB4 /* AsyncImageView.m in Sources */ = {isa = PBXBuildFile; fileRef = F4936B5E16941CD9005D9DB4 /* AsyncImageView.m */; settings = {COMPILER_FLAGS = "-fno-objc-arc"; }; };
		F4936B7216941EF2005D9DB4 /* FullyLoaded.m in Sources */ = {isa = PBXBuildFile; fileRef = F4936B6016941CD9005D9DB4 /* FullyLoaded.m */; settings = {COMPILER_FLAGS = "-fno-objc-arc"; }; };
		F4936B7316941EF2005D9DB4 /* EGORefreshTableHeaderView.m in Sources */ = {isa = PBXBuildFile; fileRef = F4936B5C16941CCA005D9DB4 /* EGORefreshTableHeaderView.m */; settings = {COMPILER_FLAGS = "-fno-objc-arc"; }; };
		F4936B7416941EF2005D9DB4 /* Reachability.m in Sources */ = {isa = PBXBuildFile; fileRef = F4936B5916941CB6005D9DB4 /* Reachability.m */; settings = {COMPILER_FLAGS = "-fno-objc-arc"; }; };
		F4936B7516941EF2005D9DB4 /* ASIAuthenticationDialog.m in Sources */ = {isa = PBXBuildFile; fileRef = F4936B4216941C99005D9DB4 /* ASIAuthenticationDialog.m */; settings = {COMPILER_FLAGS = "-fno-objc-arc"; }; };
		F4936B7616941EF2005D9DB4 /* ASIDataCompressor.m in Sources */ = {isa = PBXBuildFile; fileRef = F4936B4516941C99005D9DB4 /* ASIDataCompressor.m */; settings = {COMPILER_FLAGS = "-fno-objc-arc"; }; };
		F4936B7716941EF2005D9DB4 /* ASIDataDecompressor.m in Sources */ = {isa = PBXBuildFile; fileRef = F4936B4716941C99005D9DB4 /* ASIDataDecompressor.m */; settings = {COMPILER_FLAGS = "-fno-objc-arc"; }; };
		F4936B7816941EF2005D9DB4 /* ASIDownloadCache.m in Sources */ = {isa = PBXBuildFile; fileRef = F4936B4916941C99005D9DB4 /* ASIDownloadCache.m */; settings = {COMPILER_FLAGS = "-fno-objc-arc"; }; };
		F4936B7916941EF2005D9DB4 /* ASIFormDataRequest.m in Sources */ = {isa = PBXBuildFile; fileRef = F4936B4B16941C99005D9DB4 /* ASIFormDataRequest.m */; settings = {COMPILER_FLAGS = "-fno-objc-arc"; }; };
		F4936B7A16941EF2005D9DB4 /* ASIHTTPRequest.m in Sources */ = {isa = PBXBuildFile; fileRef = F4936B4D16941C99005D9DB4 /* ASIHTTPRequest.m */; settings = {COMPILER_FLAGS = "-fno-objc-arc"; }; };
		F4936B7B16941EF2005D9DB4 /* ASIInputStream.m in Sources */ = {isa = PBXBuildFile; fileRef = F4936B5116941C99005D9DB4 /* ASIInputStream.m */; settings = {COMPILER_FLAGS = "-fno-objc-arc"; }; };
		F4936B7C16941EF2005D9DB4 /* ASINetworkQueue.m in Sources */ = {isa = PBXBuildFile; fileRef = F4936B5316941C99005D9DB4 /* ASINetworkQueue.m */; settings = {COMPILER_FLAGS = "-fno-objc-arc"; }; };
		F4936B7D16941EF2005D9DB4 /* ASIWebPageRequest.m in Sources */ = {isa = PBXBuildFile; fileRef = F4936B5616941C99005D9DB4 /* ASIWebPageRequest.m */; settings = {COMPILER_FLAGS = "-fno-objc-arc"; }; };
		F4936B8316942699005D9DB4 /* PetViewController.xib in Resources */ = {isa = PBXBuildFile; fileRef = F4936B8216942699005D9DB4 /* PetViewController.xib */; };
		F4936BA616944189005D9DB4 /* NSObject+SBJson.m in Sources */ = {isa = PBXBuildFile; fileRef = F4936B8E16944122005D9DB4 /* NSObject+SBJson.m */; };
		F4936BA716944189005D9DB4 /* SBJsonParser.m in Sources */ = {isa = PBXBuildFile; fileRef = F4936B9116944122005D9DB4 /* SBJsonParser.m */; };
		F4936BA816944189005D9DB4 /* SBJsonStreamParser.m in Sources */ = {isa = PBXBuildFile; fileRef = F4936B9316944122005D9DB4 /* SBJsonStreamParser.m */; };
		F4936BA916944189005D9DB4 /* SBJsonStreamParserAccumulator.m in Sources */ = {isa = PBXBuildFile; fileRef = F4936B9516944122005D9DB4 /* SBJsonStreamParserAccumulator.m */; };
		F4936BAA16944189005D9DB4 /* SBJsonStreamParserAdapter.m in Sources */ = {isa = PBXBuildFile; fileRef = F4936B9716944122005D9DB4 /* SBJsonStreamParserAdapter.m */; };
		F4936BAB16944189005D9DB4 /* SBJsonStreamParserState.m in Sources */ = {isa = PBXBuildFile; fileRef = F4936B9916944122005D9DB4 /* SBJsonStreamParserState.m */; };
		F4936BAC16944189005D9DB4 /* SBJsonStreamWriter.m in Sources */ = {isa = PBXBuildFile; fileRef = F4936B9B16944122005D9DB4 /* SBJsonStreamWriter.m */; };
		F4936BAD16944189005D9DB4 /* SBJsonStreamWriterAccumulator.m in Sources */ = {isa = PBXBuildFile; fileRef = F4936B9D16944122005D9DB4 /* SBJsonStreamWriterAccumulator.m */; };
		F4936BAE16944189005D9DB4 /* SBJsonStreamWriterState.m in Sources */ = {isa = PBXBuildFile; fileRef = F4936B9F16944122005D9DB4 /* SBJsonStreamWriterState.m */; };
		F4936BAF16944189005D9DB4 /* SBJsonTokeniser.m in Sources */ = {isa = PBXBuildFile; fileRef = F4936BA116944122005D9DB4 /* SBJsonTokeniser.m */; };
		F4936BB016944189005D9DB4 /* SBJsonUTF8Stream.m in Sources */ = {isa = PBXBuildFile; fileRef = F4936BA316944122005D9DB4 /* SBJsonUTF8Stream.m */; };
		F4936BB116944189005D9DB4 /* SBJsonWriter.m in Sources */ = {isa = PBXBuildFile; fileRef = F4936BA516944122005D9DB4 /* SBJsonWriter.m */; };
		F4D5D2B116928CBD00A470EF /* PetUnit.m in Sources */ = {isa = PBXBuildFile; fileRef = F4D5D2B016928CBD00A470EF /* PetUnit.m */; };
		F4D5D30F1693336500A470EF /* ImageIO.framework in Frameworks */ = {isa = PBXBuildFile; fileRef = F4D5D30E1693336500A470EF /* ImageIO.framework */; };
		F4D5D3121693336B00A470EF /* MapKit.framework in Frameworks */ = {isa = PBXBuildFile; fileRef = F4D5D3111693336B00A470EF /* MapKit.framework */; };
/* End PBXBuildFile section */

/* Begin PBXFileReference section */
		1D30AB110D05D00D00671497 /* Foundation.framework */ = {isa = PBXFileReference; lastKnownFileType = wrapper.framework; name = Foundation.framework; path = System/Library/Frameworks/Foundation.framework; sourceTree = SDKROOT; };
		1D6058910D05DD3D006BFB54 /* pet.app */ = {isa = PBXFileReference; explicitFileType = wrapper.application; includeInIndex = 0; path = pet.app; sourceTree = BUILT_PRODUCTS_DIR; };
		1DF5F4DF0D08C38300B7A737 /* UIKit.framework */ = {isa = PBXFileReference; lastKnownFileType = wrapper.framework; name = UIKit.framework; path = System/Library/Frameworks/UIKit.framework; sourceTree = SDKROOT; };
		288765FC0DF74451002DB57D /* CoreGraphics.framework */ = {isa = PBXFileReference; lastKnownFileType = wrapper.framework; name = CoreGraphics.framework; path = System/Library/Frameworks/CoreGraphics.framework; sourceTree = SDKROOT; };
		29B97316FDCFA39411CA2CEA /* main.m */ = {isa = PBXFileReference; fileEncoding = 4; lastKnownFileType = sourcecode.c.objc; path = main.m; sourceTree = "<group>"; };
		32CA4F630368D1EE00C91783 /* pet_Prefix.pch */ = {isa = PBXFileReference; fileEncoding = 4; lastKnownFileType = sourcecode.c.h; path = pet_Prefix.pch; sourceTree = "<group>"; };
		46902BBE13A5AC7700BFDF0B /* QuartzCore.framework */ = {isa = PBXFileReference; lastKnownFileType = wrapper.framework; name = QuartzCore.framework; path = System/Library/Frameworks/QuartzCore.framework; sourceTree = SDKROOT; };
		469487C213A0A6A5002836C8 /* PetMenuBarAppDelegate.h */ = {isa = PBXFileReference; fileEncoding = 4; lastKnownFileType = sourcecode.c.h; path = PetMenuBarAppDelegate.h; sourceTree = "<group>"; };
		469487C313A0A6A5002836C8 /* PetMenuBarAppDelegate.m */ = {isa = PBXFileReference; fileEncoding = 4; lastKnownFileType = sourcecode.c.objc; path = PetMenuBarAppDelegate.m; sourceTree = "<group>"; };
		8D1107310486CEB800E47090 /* pet-Info.plist */ = {isa = PBXFileReference; fileEncoding = 4; lastKnownFileType = text.plist.xml; path = "pet-Info.plist"; plistStructureDefinitionIdentifier = "com.apple.xcode.plist.structure-definition.iphone.info-plist"; sourceTree = "<group>"; };
		F40E88B91691EAB10065AC91 /* PetMenuBar.h */ = {isa = PBXFileReference; lastKnownFileType = sourcecode.c.h; name = PetMenuBar.h; path = pet/PetMenuBar.h; sourceTree = SOURCE_ROOT; };
		F40E88BA1691EAB10065AC91 /* PetMenuBar.m */ = {isa = PBXFileReference; lastKnownFileType = sourcecode.c.objc; name = PetMenuBar.m; path = pet/PetMenuBar.m; sourceTree = SOURCE_ROOT; };
		F40E88BB1691EAB10065AC91 /* PetMenuBarDelegate.h */ = {isa = PBXFileReference; lastKnownFileType = sourcecode.c.h; name = PetMenuBarDelegate.h; path = pet/PetMenuBarDelegate.h; sourceTree = SOURCE_ROOT; };
		F40E88BC1691EAB10065AC91 /* PetMenuBarView.h */ = {isa = PBXFileReference; lastKnownFileType = sourcecode.c.h; name = PetMenuBarView.h; path = pet/PetMenuBarView.h; sourceTree = SOURCE_ROOT; };
		F40E88BD1691EAB10065AC91 /* PetMenuBarView.m */ = {isa = PBXFileReference; lastKnownFileType = sourcecode.c.objc; name = PetMenuBarView.m; path = pet/PetMenuBarView.m; sourceTree = SOURCE_ROOT; };
		F40E89081691F7370065AC91 /* MobileCoreServices.framework */ = {isa = PBXFileReference; lastKnownFileType = wrapper.framework; name = MobileCoreServices.framework; path = System/Library/Frameworks/MobileCoreServices.framework; sourceTree = SDKROOT; };
		F40E890A1691F7450065AC91 /* SystemConfiguration.framework */ = {isa = PBXFileReference; lastKnownFileType = wrapper.framework; name = SystemConfiguration.framework; path = System/Library/Frameworks/SystemConfiguration.framework; sourceTree = SDKROOT; };
		F40E890C1691F74D0065AC91 /* CFNetwork.framework */ = {isa = PBXFileReference; lastKnownFileType = wrapper.framework; name = CFNetwork.framework; path = System/Library/Frameworks/CFNetwork.framework; sourceTree = SDKROOT; };
		F40E890E1691F75D0065AC91 /* libz.dylib */ = {isa = PBXFileReference; lastKnownFileType = "compiled.mach-o.dylib"; name = libz.dylib; path = usr/lib/libz.dylib; sourceTree = SDKROOT; };
		F40E89101691F7650065AC91 /* libxml2.2.dylib */ = {isa = PBXFileReference; lastKnownFileType = "compiled.mach-o.dylib"; name = libxml2.2.dylib; path = usr/lib/libxml2.2.dylib; sourceTree = SDKROOT; };
		F40E89151691F9B90065AC91 /* PetViewController.h */ = {isa = PBXFileReference; lastKnownFileType = sourcecode.c.h; name = PetViewController.h; path = pet/PetViewController.h; sourceTree = SOURCE_ROOT; };
		F40E89161691F9B90065AC91 /* PetViewController.m */ = {isa = PBXFileReference; lastKnownFileType = sourcecode.c.objc; name = PetViewController.m; path = pet/PetViewController.m; sourceTree = SOURCE_ROOT; };
		F4936B4116941C99005D9DB4 /* ASIAuthenticationDialog.h */ = {isa = PBXFileReference; lastKnownFileType = sourcecode.c.h; name = ASIAuthenticationDialog.h; path = ASIHTTPRequest/ASIAuthenticationDialog.h; sourceTree = "<group>"; };
		F4936B4216941C99005D9DB4 /* ASIAuthenticationDialog.m */ = {isa = PBXFileReference; lastKnownFileType = sourcecode.c.objc; name = ASIAuthenticationDialog.m; path = ASIHTTPRequest/ASIAuthenticationDialog.m; sourceTree = "<group>"; };
		F4936B4316941C99005D9DB4 /* ASICacheDelegate.h */ = {isa = PBXFileReference; lastKnownFileType = sourcecode.c.h; name = ASICacheDelegate.h; path = ASIHTTPRequest/ASICacheDelegate.h; sourceTree = "<group>"; };
		F4936B4416941C99005D9DB4 /* ASIDataCompressor.h */ = {isa = PBXFileReference; lastKnownFileType = sourcecode.c.h; name = ASIDataCompressor.h; path = ASIHTTPRequest/ASIDataCompressor.h; sourceTree = "<group>"; };
		F4936B4516941C99005D9DB4 /* ASIDataCompressor.m */ = {isa = PBXFileReference; lastKnownFileType = sourcecode.c.objc; name = ASIDataCompressor.m; path = ASIHTTPRequest/ASIDataCompressor.m; sourceTree = "<group>"; };
		F4936B4616941C99005D9DB4 /* ASIDataDecompressor.h */ = {isa = PBXFileReference; lastKnownFileType = sourcecode.c.h; name = ASIDataDecompressor.h; path = ASIHTTPRequest/ASIDataDecompressor.h; sourceTree = "<group>"; };
		F4936B4716941C99005D9DB4 /* ASIDataDecompressor.m */ = {isa = PBXFileReference; lastKnownFileType = sourcecode.c.objc; name = ASIDataDecompressor.m; path = ASIHTTPRequest/ASIDataDecompressor.m; sourceTree = "<group>"; };
		F4936B4816941C99005D9DB4 /* ASIDownloadCache.h */ = {isa = PBXFileReference; lastKnownFileType = sourcecode.c.h; name = ASIDownloadCache.h; path = ASIHTTPRequest/ASIDownloadCache.h; sourceTree = "<group>"; };
		F4936B4916941C99005D9DB4 /* ASIDownloadCache.m */ = {isa = PBXFileReference; lastKnownFileType = sourcecode.c.objc; name = ASIDownloadCache.m; path = ASIHTTPRequest/ASIDownloadCache.m; sourceTree = "<group>"; };
		F4936B4A16941C99005D9DB4 /* ASIFormDataRequest.h */ = {isa = PBXFileReference; lastKnownFileType = sourcecode.c.h; name = ASIFormDataRequest.h; path = ASIHTTPRequest/ASIFormDataRequest.h; sourceTree = "<group>"; };
		F4936B4B16941C99005D9DB4 /* ASIFormDataRequest.m */ = {isa = PBXFileReference; lastKnownFileType = sourcecode.c.objc; name = ASIFormDataRequest.m; path = ASIHTTPRequest/ASIFormDataRequest.m; sourceTree = "<group>"; };
		F4936B4C16941C99005D9DB4 /* ASIHTTPRequest.h */ = {isa = PBXFileReference; lastKnownFileType = sourcecode.c.h; name = ASIHTTPRequest.h; path = ASIHTTPRequest/ASIHTTPRequest.h; sourceTree = "<group>"; };
		F4936B4D16941C99005D9DB4 /* ASIHTTPRequest.m */ = {isa = PBXFileReference; lastKnownFileType = sourcecode.c.objc; name = ASIHTTPRequest.m; path = ASIHTTPRequest/ASIHTTPRequest.m; sourceTree = "<group>"; };
		F4936B4E16941C99005D9DB4 /* ASIHTTPRequestConfig.h */ = {isa = PBXFileReference; lastKnownFileType = sourcecode.c.h; name = ASIHTTPRequestConfig.h; path = ASIHTTPRequest/ASIHTTPRequestConfig.h; sourceTree = "<group>"; };
		F4936B4F16941C99005D9DB4 /* ASIHTTPRequestDelegate.h */ = {isa = PBXFileReference; lastKnownFileType = sourcecode.c.h; name = ASIHTTPRequestDelegate.h; path = ASIHTTPRequest/ASIHTTPRequestDelegate.h; sourceTree = "<group>"; };
		F4936B5016941C99005D9DB4 /* ASIInputStream.h */ = {isa = PBXFileReference; lastKnownFileType = sourcecode.c.h; name = ASIInputStream.h; path = ASIHTTPRequest/ASIInputStream.h; sourceTree = "<group>"; };
		F4936B5116941C99005D9DB4 /* ASIInputStream.m */ = {isa = PBXFileReference; lastKnownFileType = sourcecode.c.objc; name = ASIInputStream.m; path = ASIHTTPRequest/ASIInputStream.m; sourceTree = "<group>"; };
		F4936B5216941C99005D9DB4 /* ASINetworkQueue.h */ = {isa = PBXFileReference; lastKnownFileType = sourcecode.c.h; name = ASINetworkQueue.h; path = ASIHTTPRequest/ASINetworkQueue.h; sourceTree = "<group>"; };
		F4936B5316941C99005D9DB4 /* ASINetworkQueue.m */ = {isa = PBXFileReference; lastKnownFileType = sourcecode.c.objc; name = ASINetworkQueue.m; path = ASIHTTPRequest/ASINetworkQueue.m; sourceTree = "<group>"; };
		F4936B5416941C99005D9DB4 /* ASIProgressDelegate.h */ = {isa = PBXFileReference; lastKnownFileType = sourcecode.c.h; name = ASIProgressDelegate.h; path = ASIHTTPRequest/ASIProgressDelegate.h; sourceTree = "<group>"; };
		F4936B5516941C99005D9DB4 /* ASIWebPageRequest.h */ = {isa = PBXFileReference; lastKnownFileType = sourcecode.c.h; name = ASIWebPageRequest.h; path = ASIHTTPRequest/ASIWebPageRequest.h; sourceTree = "<group>"; };
		F4936B5616941C99005D9DB4 /* ASIWebPageRequest.m */ = {isa = PBXFileReference; lastKnownFileType = sourcecode.c.objc; name = ASIWebPageRequest.m; path = ASIHTTPRequest/ASIWebPageRequest.m; sourceTree = "<group>"; };
		F4936B5816941CB6005D9DB4 /* Reachability.h */ = {isa = PBXFileReference; lastKnownFileType = sourcecode.c.h; name = Reachability.h; path = ASIHTTPRequest/Reachability/Reachability.h; sourceTree = "<group>"; };
		F4936B5916941CB6005D9DB4 /* Reachability.m */ = {isa = PBXFileReference; lastKnownFileType = sourcecode.c.objc; name = Reachability.m; path = ASIHTTPRequest/Reachability/Reachability.m; sourceTree = "<group>"; };
		F4936B5A16941CCA005D9DB4 /* blueArrow.png */ = {isa = PBXFileReference; lastKnownFileType = image.png; name = blueArrow.png; path = EGORefreshTableHeaderView/blueArrow.png; sourceTree = "<group>"; };
		F4936B5B16941CCA005D9DB4 /* EGORefreshTableHeaderView.h */ = {isa = PBXFileReference; lastKnownFileType = sourcecode.c.h; name = EGORefreshTableHeaderView.h; path = EGORefreshTableHeaderView/EGORefreshTableHeaderView.h; sourceTree = "<group>"; };
		F4936B5C16941CCA005D9DB4 /* EGORefreshTableHeaderView.m */ = {isa = PBXFileReference; lastKnownFileType = sourcecode.c.objc; name = EGORefreshTableHeaderView.m; path = EGORefreshTableHeaderView/EGORefreshTableHeaderView.m; sourceTree = "<group>"; };
		F4936B5D16941CD9005D9DB4 /* AsyncImageView.h */ = {isa = PBXFileReference; lastKnownFileType = sourcecode.c.h; name = AsyncImageView.h; path = FullyLoaded/AsyncImageView.h; sourceTree = "<group>"; };
		F4936B5E16941CD9005D9DB4 /* AsyncImageView.m */ = {isa = PBXFileReference; lastKnownFileType = sourcecode.c.objc; name = AsyncImageView.m; path = FullyLoaded/AsyncImageView.m; sourceTree = "<group>"; };
		F4936B5F16941CD9005D9DB4 /* FullyLoaded.h */ = {isa = PBXFileReference; lastKnownFileType = sourcecode.c.h; name = FullyLoaded.h; path = FullyLoaded/FullyLoaded.h; sourceTree = "<group>"; };
		F4936B6016941CD9005D9DB4 /* FullyLoaded.m */ = {isa = PBXFileReference; lastKnownFileType = sourcecode.c.objc; name = FullyLoaded.m; path = FullyLoaded/FullyLoaded.m; sourceTree = "<group>"; };
		F4936B6116941CD9005D9DB4 /* SynthesizeSingleton.h */ = {isa = PBXFileReference; lastKnownFileType = sourcecode.c.h; name = SynthesizeSingleton.h; path = FullyLoaded/SynthesizeSingleton.h; sourceTree = "<group>"; };
		F4936B6216941CEB005D9DB4 /* LoadingMoreFooterView.h */ = {isa = PBXFileReference; lastKnownFileType = sourcecode.c.h; name = LoadingMoreFooterView.h; path = LoadingMoreFooterView/LoadingMoreFooterView.h; sourceTree = "<group>"; };
		F4936B6316941CEB005D9DB4 /* LoadingMoreFooterView.m */ = {isa = PBXFileReference; lastKnownFileType = sourcecode.c.objc; name = LoadingMoreFooterView.m; path = LoadingMoreFooterView/LoadingMoreFooterView.m; sourceTree = "<group>"; };
		F4936B6416941CF9005D9DB4 /* CollectionViewController.h */ = {isa = PBXFileReference; lastKnownFileType = sourcecode.c.h; name = CollectionViewController.h; path = water/CollectionViewController.h; sourceTree = "<group>"; };
		F4936B6516941CF9005D9DB4 /* CollectionViewController.m */ = {isa = PBXFileReference; lastKnownFileType = sourcecode.c.objc; name = CollectionViewController.m; path = water/CollectionViewController.m; sourceTree = "<group>"; };
		F4936B6616941CF9005D9DB4 /* ColllectionViewCell.h */ = {isa = PBXFileReference; lastKnownFileType = sourcecode.c.h; name = ColllectionViewCell.h; path = water/ColllectionViewCell.h; sourceTree = "<group>"; };
		F4936B6716941CF9005D9DB4 /* ColllectionViewCell.m */ = {isa = PBXFileReference; lastKnownFileType = sourcecode.c.objc; name = ColllectionViewCell.m; path = water/ColllectionViewCell.m; sourceTree = "<group>"; };
		F4936B6816941CF9005D9DB4 /* WaterFlowLayout.h */ = {isa = PBXFileReference; lastKnownFileType = sourcecode.c.h; name = WaterFlowLayout.h; path = water/WaterFlowLayout.h; sourceTree = "<group>"; };
		F4936B6916941CF9005D9DB4 /* WaterFlowLayout.m */ = {isa = PBXFileReference; lastKnownFileType = sourcecode.c.objc; name = WaterFlowLayout.m; path = water/WaterFlowLayout.m; sourceTree = "<group>"; };
		F4936B8216942699005D9DB4 /* PetViewController.xib */ = {isa = PBXFileReference; fileEncoding = 4; lastKnownFileType = file.xib; path = PetViewController.xib; sourceTree = "<group>"; };
		F4936B8D16944122005D9DB4 /* NSObject+SBJson.h */ = {isa = PBXFileReference; lastKnownFileType = sourcecode.c.h; name = "NSObject+SBJson.h"; path = "json/NSObject+SBJson.h"; sourceTree = "<group>"; };
		F4936B8E16944122005D9DB4 /* NSObject+SBJson.m */ = {isa = PBXFileReference; lastKnownFileType = sourcecode.c.objc; name = "NSObject+SBJson.m"; path = "json/NSObject+SBJson.m"; sourceTree = "<group>"; };
		F4936B8F16944122005D9DB4 /* SBJson.h */ = {isa = PBXFileReference; lastKnownFileType = sourcecode.c.h; name = SBJson.h; path = json/SBJson.h; sourceTree = "<group>"; };
		F4936B9016944122005D9DB4 /* SBJsonParser.h */ = {isa = PBXFileReference; lastKnownFileType = sourcecode.c.h; name = SBJsonParser.h; path = json/SBJsonParser.h; sourceTree = "<group>"; };
		F4936B9116944122005D9DB4 /* SBJsonParser.m */ = {isa = PBXFileReference; lastKnownFileType = sourcecode.c.objc; name = SBJsonParser.m; path = json/SBJsonParser.m; sourceTree = "<group>"; };
		F4936B9216944122005D9DB4 /* SBJsonStreamParser.h */ = {isa = PBXFileReference; lastKnownFileType = sourcecode.c.h; name = SBJsonStreamParser.h; path = json/SBJsonStreamParser.h; sourceTree = "<group>"; };
		F4936B9316944122005D9DB4 /* SBJsonStreamParser.m */ = {isa = PBXFileReference; lastKnownFileType = sourcecode.c.objc; name = SBJsonStreamParser.m; path = json/SBJsonStreamParser.m; sourceTree = "<group>"; };
		F4936B9416944122005D9DB4 /* SBJsonStreamParserAccumulator.h */ = {isa = PBXFileReference; lastKnownFileType = sourcecode.c.h; name = SBJsonStreamParserAccumulator.h; path = json/SBJsonStreamParserAccumulator.h; sourceTree = "<group>"; };
		F4936B9516944122005D9DB4 /* SBJsonStreamParserAccumulator.m */ = {isa = PBXFileReference; lastKnownFileType = sourcecode.c.objc; name = SBJsonStreamParserAccumulator.m; path = json/SBJsonStreamParserAccumulator.m; sourceTree = "<group>"; };
		F4936B9616944122005D9DB4 /* SBJsonStreamParserAdapter.h */ = {isa = PBXFileReference; lastKnownFileType = sourcecode.c.h; name = SBJsonStreamParserAdapter.h; path = json/SBJsonStreamParserAdapter.h; sourceTree = "<group>"; };
		F4936B9716944122005D9DB4 /* SBJsonStreamParserAdapter.m */ = {isa = PBXFileReference; lastKnownFileType = sourcecode.c.objc; name = SBJsonStreamParserAdapter.m; path = json/SBJsonStreamParserAdapter.m; sourceTree = "<group>"; };
		F4936B9816944122005D9DB4 /* SBJsonStreamParserState.h */ = {isa = PBXFileReference; lastKnownFileType = sourcecode.c.h; name = SBJsonStreamParserState.h; path = json/SBJsonStreamParserState.h; sourceTree = "<group>"; };
		F4936B9916944122005D9DB4 /* SBJsonStreamParserState.m */ = {isa = PBXFileReference; lastKnownFileType = sourcecode.c.objc; name = SBJsonStreamParserState.m; path = json/SBJsonStreamParserState.m; sourceTree = "<group>"; };
		F4936B9A16944122005D9DB4 /* SBJsonStreamWriter.h */ = {isa = PBXFileReference; lastKnownFileType = sourcecode.c.h; name = SBJsonStreamWriter.h; path = json/SBJsonStreamWriter.h; sourceTree = "<group>"; };
		F4936B9B16944122005D9DB4 /* SBJsonStreamWriter.m */ = {isa = PBXFileReference; lastKnownFileType = sourcecode.c.objc; name = SBJsonStreamWriter.m; path = json/SBJsonStreamWriter.m; sourceTree = "<group>"; };
		F4936B9C16944122005D9DB4 /* SBJsonStreamWriterAccumulator.h */ = {isa = PBXFileReference; lastKnownFileType = sourcecode.c.h; name = SBJsonStreamWriterAccumulator.h; path = json/SBJsonStreamWriterAccumulator.h; sourceTree = "<group>"; };
		F4936B9D16944122005D9DB4 /* SBJsonStreamWriterAccumulator.m */ = {isa = PBXFileReference; lastKnownFileType = sourcecode.c.objc; name = SBJsonStreamWriterAccumulator.m; path = json/SBJsonStreamWriterAccumulator.m; sourceTree = "<group>"; };
		F4936B9E16944122005D9DB4 /* SBJsonStreamWriterState.h */ = {isa = PBXFileReference; lastKnownFileType = sourcecode.c.h; name = SBJsonStreamWriterState.h; path = json/SBJsonStreamWriterState.h; sourceTree = "<group>"; };
		F4936B9F16944122005D9DB4 /* SBJsonStreamWriterState.m */ = {isa = PBXFileReference; lastKnownFileType = sourcecode.c.objc; name = SBJsonStreamWriterState.m; path = json/SBJsonStreamWriterState.m; sourceTree = "<group>"; };
		F4936BA016944122005D9DB4 /* SBJsonTokeniser.h */ = {isa = PBXFileReference; lastKnownFileType = sourcecode.c.h; name = SBJsonTokeniser.h; path = json/SBJsonTokeniser.h; sourceTree = "<group>"; };
		F4936BA116944122005D9DB4 /* SBJsonTokeniser.m */ = {isa = PBXFileReference; lastKnownFileType = sourcecode.c.objc; name = SBJsonTokeniser.m; path = json/SBJsonTokeniser.m; sourceTree = "<group>"; };
		F4936BA216944122005D9DB4 /* SBJsonUTF8Stream.h */ = {isa = PBXFileReference; lastKnownFileType = sourcecode.c.h; name = SBJsonUTF8Stream.h; path = json/SBJsonUTF8Stream.h; sourceTree = "<group>"; };
		F4936BA316944122005D9DB4 /* SBJsonUTF8Stream.m */ = {isa = PBXFileReference; lastKnownFileType = sourcecode.c.objc; name = SBJsonUTF8Stream.m; path = json/SBJsonUTF8Stream.m; sourceTree = "<group>"; };
		F4936BA416944122005D9DB4 /* SBJsonWriter.h */ = {isa = PBXFileReference; lastKnownFileType = sourcecode.c.h; name = SBJsonWriter.h; path = json/SBJsonWriter.h; sourceTree = "<group>"; };
		F4936BA516944122005D9DB4 /* SBJsonWriter.m */ = {isa = PBXFileReference; lastKnownFileType = sourcecode.c.objc; name = SBJsonWriter.m; path = json/SBJsonWriter.m; sourceTree = "<group>"; };
		F4D5D2AF16928CBD00A470EF /* PetUnit.h */ = {isa = PBXFileReference; fileEncoding = 4; lastKnownFileType = sourcecode.c.h; name = PetUnit.h; path = pet/PetUnit.h; sourceTree = SOURCE_ROOT; };
		F4D5D2B016928CBD00A470EF /* PetUnit.m */ = {isa = PBXFileReference; fileEncoding = 4; lastKnownFileType = sourcecode.c.objc; name = PetUnit.m; path = pet/PetUnit.m; sourceTree = SOURCE_ROOT; };
		F4D5D30E1693336500A470EF /* ImageIO.framework */ = {isa = PBXFileReference; lastKnownFileType = wrapper.framework; name = ImageIO.framework; path = System/Library/Frameworks/ImageIO.framework; sourceTree = SDKROOT; };
		F4D5D3111693336B00A470EF /* MapKit.framework */ = {isa = PBXFileReference; lastKnownFileType = wrapper.framework; name = MapKit.framework; path = System/Library/Frameworks/MapKit.framework; sourceTree = SDKROOT; };
/* End PBXFileReference section */

/* Begin PBXFrameworksBuildPhase section */
		1D60588F0D05DD3D006BFB54 /* Frameworks */ = {
			isa = PBXFrameworksBuildPhase;
			buildActionMask = 2147483647;
			files = (
				F4D5D3121693336B00A470EF /* MapKit.framework in Frameworks */,
				F4D5D30F1693336500A470EF /* ImageIO.framework in Frameworks */,
				F40E89111691F7650065AC91 /* libxml2.2.dylib in Frameworks */,
				F40E890F1691F75D0065AC91 /* libz.dylib in Frameworks */,
				F40E890D1691F74E0065AC91 /* CFNetwork.framework in Frameworks */,
				F40E890B1691F7450065AC91 /* SystemConfiguration.framework in Frameworks */,
				F40E89091691F7370065AC91 /* MobileCoreServices.framework in Frameworks */,
				1D60589F0D05DD5A006BFB54 /* Foundation.framework in Frameworks */,
				1DF5F4E00D08C38300B7A737 /* UIKit.framework in Frameworks */,
				288765FD0DF74451002DB57D /* CoreGraphics.framework in Frameworks */,
				46902BBF13A5AC7700BFDF0B /* QuartzCore.framework in Frameworks */,
			);
			runOnlyForDeploymentPostprocessing = 0;
		};
/* End PBXFrameworksBuildPhase section */

/* Begin PBXGroup section */
		19C28FACFE9D520D11CA2CBB /* Products */ = {
			isa = PBXGroup;
			children = (
				1D6058910D05DD3D006BFB54 /* pet.app */,
			);
			name = Products;
			sourceTree = "<group>";
		};
		29B97314FDCFA39411CA2CEA /* CustomTemplate */ = {
			isa = PBXGroup;
			children = (
				F40E890C1691F74D0065AC91 /* CFNetwork.framework */,
				F40E890E1691F75D0065AC91 /* libz.dylib */,
				F40E890A1691F7450065AC91 /* SystemConfiguration.framework */,
				F40E89081691F7370065AC91 /* MobileCoreServices.framework */,
				F40E89101691F7650065AC91 /* libxml2.2.dylib */,
				F4D5D30E1693336500A470EF /* ImageIO.framework */,
				F4D5D3111693336B00A470EF /* MapKit.framework */,
				F4936B4016941C76005D9DB4 /* water */,
				F4936B3F16941C68005D9DB4 /* LoadingMoreFooterView */,
				F4936B3E16941C5E005D9DB4 /* FullyLoaded */,
				F4936B3D16941C37005D9DB4 /* EGORefreshTableHeaderView */,
				F4936B3C16941C26005D9DB4 /* ASIHTTPRequest */,
				F4936B8C169440E4005D9DB4 /* json */,
				469487C013A0A6A5002836C8 /* pet */,
				469487C113A0A6A5002836C8 /* Sample */,
				29B97315FDCFA39411CA2CEA /* Other Sources */,
				29B97317FDCFA39411CA2CEA /* Resources */,
				29B97323FDCFA39411CA2CEA /* Frameworks */,
				19C28FACFE9D520D11CA2CBB /* Products */,
			);
			name = CustomTemplate;
			sourceTree = "<group>";
		};
		29B97315FDCFA39411CA2CEA /* Other Sources */ = {
			isa = PBXGroup;
			children = (
				F4936B8216942699005D9DB4 /* PetViewController.xib */,
				32CA4F630368D1EE00C91783 /* pet_Prefix.pch */,
				29B97316FDCFA39411CA2CEA /* main.m */,
			);
			name = "Other Sources";
			sourceTree = "<group>";
		};
		29B97317FDCFA39411CA2CEA /* Resources */ = {
			isa = PBXGroup;
			children = (
				8D1107310486CEB800E47090 /* pet-Info.plist */,
			);
			name = Resources;
			sourceTree = "<group>";
		};
		29B97323FDCFA39411CA2CEA /* Frameworks */ = {
			isa = PBXGroup;
			children = (
				1DF5F4DF0D08C38300B7A737 /* UIKit.framework */,
				1D30AB110D05D00D00671497 /* Foundation.framework */,
				288765FC0DF74451002DB57D /* CoreGraphics.framework */,
				46902BBE13A5AC7700BFDF0B /* QuartzCore.framework */,
			);
			name = Frameworks;
			sourceTree = "<group>";
		};
		469487C013A0A6A5002836C8 /* pet */ = {
			isa = PBXGroup;
			children = (
				F40E89151691F9B90065AC91 /* PetViewController.h */,
				F40E89161691F9B90065AC91 /* PetViewController.m */,
				F40E88B91691EAB10065AC91 /* PetMenuBar.h */,
				F40E88BA1691EAB10065AC91 /* PetMenuBar.m */,
				F40E88BB1691EAB10065AC91 /* PetMenuBarDelegate.h */,
				F40E88BC1691EAB10065AC91 /* PetMenuBarView.h */,
				F40E88BD1691EAB10065AC91 /* PetMenuBarView.m */,
				F4D5D2AF16928CBD00A470EF /* PetUnit.h */,
				F4D5D2B016928CBD00A470EF /* PetUnit.m */,
			);
			name = pet;
			path = LightMenuBar;
			sourceTree = "<group>";
		};
		469487C113A0A6A5002836C8 /* Sample */ = {
			isa = PBXGroup;
			children = (
				469487C213A0A6A5002836C8 /* PetMenuBarAppDelegate.h */,
				469487C313A0A6A5002836C8 /* PetMenuBarAppDelegate.m */,
			);
			path = Sample;
			sourceTree = "<group>";
		};
		F4936B3C16941C26005D9DB4 /* ASIHTTPRequest */ = {
			isa = PBXGroup;
			children = (
				F4936B5716941C9E005D9DB4 /* Reachability */,
				F4936B4116941C99005D9DB4 /* ASIAuthenticationDialog.h */,
				F4936B4216941C99005D9DB4 /* ASIAuthenticationDialog.m */,
				F4936B4316941C99005D9DB4 /* ASICacheDelegate.h */,
				F4936B4416941C99005D9DB4 /* ASIDataCompressor.h */,
				F4936B4516941C99005D9DB4 /* ASIDataCompressor.m */,
				F4936B4616941C99005D9DB4 /* ASIDataDecompressor.h */,
				F4936B4716941C99005D9DB4 /* ASIDataDecompressor.m */,
				F4936B4816941C99005D9DB4 /* ASIDownloadCache.h */,
				F4936B4916941C99005D9DB4 /* ASIDownloadCache.m */,
				F4936B4A16941C99005D9DB4 /* ASIFormDataRequest.h */,
				F4936B4B16941C99005D9DB4 /* ASIFormDataRequest.m */,
				F4936B4C16941C99005D9DB4 /* ASIHTTPRequest.h */,
				F4936B4D16941C99005D9DB4 /* ASIHTTPRequest.m */,
				F4936B4E16941C99005D9DB4 /* ASIHTTPRequestConfig.h */,
				F4936B4F16941C99005D9DB4 /* ASIHTTPRequestDelegate.h */,
				F4936B5016941C99005D9DB4 /* ASIInputStream.h */,
				F4936B5116941C99005D9DB4 /* ASIInputStream.m */,
				F4936B5216941C99005D9DB4 /* ASINetworkQueue.h */,
				F4936B5316941C99005D9DB4 /* ASINetworkQueue.m */,
				F4936B5416941C99005D9DB4 /* ASIProgressDelegate.h */,
				F4936B5516941C99005D9DB4 /* ASIWebPageRequest.h */,
				F4936B5616941C99005D9DB4 /* ASIWebPageRequest.m */,
			);
			name = ASIHTTPRequest;
			sourceTree = "<group>";
		};
		F4936B3D16941C37005D9DB4 /* EGORefreshTableHeaderView */ = {
			isa = PBXGroup;
			children = (
				F4936B5A16941CCA005D9DB4 /* blueArrow.png */,
				F4936B5B16941CCA005D9DB4 /* EGORefreshTableHeaderView.h */,
				F4936B5C16941CCA005D9DB4 /* EGORefreshTableHeaderView.m */,
			);
			name = EGORefreshTableHeaderView;
			sourceTree = "<group>";
		};
		F4936B3E16941C5E005D9DB4 /* FullyLoaded */ = {
			isa = PBXGroup;
			children = (
				F4936B5D16941CD9005D9DB4 /* AsyncImageView.h */,
				F4936B5E16941CD9005D9DB4 /* AsyncImageView.m */,
				F4936B5F16941CD9005D9DB4 /* FullyLoaded.h */,
				F4936B6016941CD9005D9DB4 /* FullyLoaded.m */,
				F4936B6116941CD9005D9DB4 /* SynthesizeSingleton.h */,
			);
			name = FullyLoaded;
			sourceTree = "<group>";
		};
		F4936B3F16941C68005D9DB4 /* LoadingMoreFooterView */ = {
			isa = PBXGroup;
			children = (
				F4936B6216941CEB005D9DB4 /* LoadingMoreFooterView.h */,
				F4936B6316941CEB005D9DB4 /* LoadingMoreFooterView.m */,
			);
			name = LoadingMoreFooterView;
			sourceTree = "<group>";
		};
		F4936B4016941C76005D9DB4 /* water */ = {
			isa = PBXGroup;
			children = (
				F4936B6416941CF9005D9DB4 /* CollectionViewController.h */,
				F4936B6516941CF9005D9DB4 /* CollectionViewController.m */,
				F4936B6616941CF9005D9DB4 /* ColllectionViewCell.h */,
				F4936B6716941CF9005D9DB4 /* ColllectionViewCell.m */,
				F4936B6816941CF9005D9DB4 /* WaterFlowLayout.h */,
				F4936B6916941CF9005D9DB4 /* WaterFlowLayout.m */,
			);
			name = water;
			sourceTree = "<group>";
		};
		F4936B5716941C9E005D9DB4 /* Reachability */ = {
			isa = PBXGroup;
			children = (
				F4936B5816941CB6005D9DB4 /* Reachability.h */,
				F4936B5916941CB6005D9DB4 /* Reachability.m */,
			);
			name = Reachability;
			sourceTree = "<group>";
		};
		F4936B8C169440E4005D9DB4 /* json */ = {
			isa = PBXGroup;
			children = (
				F4936B8D16944122005D9DB4 /* NSObject+SBJson.h */,
				F4936B8E16944122005D9DB4 /* NSObject+SBJson.m */,
				F4936B8F16944122005D9DB4 /* SBJson.h */,
				F4936B9016944122005D9DB4 /* SBJsonParser.h */,
				F4936B9116944122005D9DB4 /* SBJsonParser.m */,
				F4936B9216944122005D9DB4 /* SBJsonStreamParser.h */,
				F4936B9316944122005D9DB4 /* SBJsonStreamParser.m */,
				F4936B9416944122005D9DB4 /* SBJsonStreamParserAccumulator.h */,
				F4936B9516944122005D9DB4 /* SBJsonStreamParserAccumulator.m */,
				F4936B9616944122005D9DB4 /* SBJsonStreamParserAdapter.h */,
				F4936B9716944122005D9DB4 /* SBJsonStreamParserAdapter.m */,
				F4936B9816944122005D9DB4 /* SBJsonStreamParserState.h */,
				F4936B9916944122005D9DB4 /* SBJsonStreamParserState.m */,
				F4936B9A16944122005D9DB4 /* SBJsonStreamWriter.h */,
				F4936B9B16944122005D9DB4 /* SBJsonStreamWriter.m */,
				F4936B9C16944122005D9DB4 /* SBJsonStreamWriterAccumulator.h */,
				F4936B9D16944122005D9DB4 /* SBJsonStreamWriterAccumulator.m */,
				F4936B9E16944122005D9DB4 /* SBJsonStreamWriterState.h */,
				F4936B9F16944122005D9DB4 /* SBJsonStreamWriterState.m */,
				F4936BA016944122005D9DB4 /* SBJsonTokeniser.h */,
				F4936BA116944122005D9DB4 /* SBJsonTokeniser.m */,
				F4936BA216944122005D9DB4 /* SBJsonUTF8Stream.h */,
				F4936BA316944122005D9DB4 /* SBJsonUTF8Stream.m */,
				F4936BA416944122005D9DB4 /* SBJsonWriter.h */,
				F4936BA516944122005D9DB4 /* SBJsonWriter.m */,
			);
			name = json;
			sourceTree = "<group>";
		};
/* End PBXGroup section */

/* Begin PBXNativeTarget section */
		1D6058900D05DD3D006BFB54 /* pet */ = {
			isa = PBXNativeTarget;
			buildConfigurationList = 1D6058960D05DD3E006BFB54 /* Build configuration list for PBXNativeTarget "pet" */;
			buildPhases = (
				1D60588D0D05DD3D006BFB54 /* Resources */,
				1D60588E0D05DD3D006BFB54 /* Sources */,
				1D60588F0D05DD3D006BFB54 /* Frameworks */,
			);
			buildRules = (
			);
			dependencies = (
			);
			name = pet;
			productName = LightMenuBar;
			productReference = 1D6058910D05DD3D006BFB54 /* pet.app */;
			productType = "com.apple.product-type.application";
		};
/* End PBXNativeTarget section */

/* Begin PBXProject section */
		29B97313FDCFA39411CA2CEA /* Project object */ = {
			isa = PBXProject;
			attributes = {
				LastUpgradeCheck = 0450;
			};
			buildConfigurationList = C01FCF4E08A954540054247B /* Build configuration list for PBXProject "pet" */;
			compatibilityVersion = "Xcode 3.2";
			developmentRegion = English;
			hasScannedForEncodings = 1;
			knownRegions = (
				English,
				Japanese,
				French,
				German,
			);
			mainGroup = 29B97314FDCFA39411CA2CEA /* CustomTemplate */;
			projectDirPath = "";
			projectRoot = "";
			targets = (
				1D6058900D05DD3D006BFB54 /* pet */,
			);
		};
/* End PBXProject section */

/* Begin PBXResourcesBuildPhase section */
		1D60588D0D05DD3D006BFB54 /* Resources */ = {
			isa = PBXResourcesBuildPhase;
			buildActionMask = 2147483647;
			files = (
				F4936B8316942699005D9DB4 /* PetViewController.xib in Resources */,
			);
			runOnlyForDeploymentPostprocessing = 0;
		};
/* End PBXResourcesBuildPhase section */

/* Begin PBXSourcesBuildPhase section */
		1D60588E0D05DD3D006BFB54 /* Sources */ = {
			isa = PBXSourcesBuildPhase;
			buildActionMask = 2147483647;
			files = (
				F4936BA616944189005D9DB4 /* NSObject+SBJson.m in Sources */,
				F4936BA716944189005D9DB4 /* SBJsonParser.m in Sources */,
				F4936BA816944189005D9DB4 /* SBJsonStreamParser.m in Sources */,
				F4936BA916944189005D9DB4 /* SBJsonStreamParserAccumulator.m in Sources */,
				F4936BAA16944189005D9DB4 /* SBJsonStreamParserAdapter.m in Sources */,
				F4936BAB16944189005D9DB4 /* SBJsonStreamParserState.m in Sources */,
				F4936BAC16944189005D9DB4 /* SBJsonStreamWriter.m in Sources */,
				F4936BAD16944189005D9DB4 /* SBJsonStreamWriterAccumulator.m in Sources */,
				F4936BAE16944189005D9DB4 /* SBJsonStreamWriterState.m in Sources */,
				F4936BAF16944189005D9DB4 /* SBJsonTokeniser.m in Sources */,
				F4936BB016944189005D9DB4 /* SBJsonUTF8Stream.m in Sources */,
				F4936BB116944189005D9DB4 /* SBJsonWriter.m in Sources */,
				F4936B6C16941EF2005D9DB4 /* CollectionViewController.m in Sources */,
				F4936B6D16941EF2005D9DB4 /* ColllectionViewCell.m in Sources */,
				F4936B6E16941EF2005D9DB4 /* WaterFlowLayout.m in Sources */,
				F4936B7016941EF2005D9DB4 /* LoadingMoreFooterView.m in Sources */,
				F4936B7116941EF2005D9DB4 /* AsyncImageView.m in Sources */,
				F4936B7216941EF2005D9DB4 /* FullyLoaded.m in Sources */,
				F4936B7316941EF2005D9DB4 /* EGORefreshTableHeaderView.m in Sources */,
				F4936B7416941EF2005D9DB4 /* Reachability.m in Sources */,
				F4936B7516941EF2005D9DB4 /* ASIAuthenticationDialog.m in Sources */,
				F4936B7616941EF2005D9DB4 /* ASIDataCompressor.m in Sources */,
				F4936B7716941EF2005D9DB4 /* ASIDataDecompressor.m in Sources */,
				F4936B7816941EF2005D9DB4 /* ASIDownloadCache.m in Sources */,
				F4936B7916941EF2005D9DB4 /* ASIFormDataRequest.m in Sources */,
				F4936B7A16941EF2005D9DB4 /* ASIHTTPRequest.m in Sources */,
				F4936B7B16941EF2005D9DB4 /* ASIInputStream.m in Sources */,
				F4936B7C16941EF2005D9DB4 /* ASINetworkQueue.m in Sources */,
				F4936B7D16941EF2005D9DB4 /* ASIWebPageRequest.m in Sources */,
				F40E89181691FA310065AC91 /* PetViewController.m in Sources */,
				F40E88BE1691EADA0065AC91 /* PetMenuBar.m in Sources */,
				F40E88BF1691EADA0065AC91 /* PetMenuBarView.m in Sources */,
				1D60589B0D05DD56006BFB54 /* main.m in Sources */,
				469487C413A0A6A5002836C8 /* PetMenuBarAppDelegate.m in Sources */,
				F4D5D2B116928CBD00A470EF /* PetUnit.m in Sources */,
			);
			runOnlyForDeploymentPostprocessing = 0;
		};
/* End PBXSourcesBuildPhase section */

/* Begin XCBuildConfiguration section */
		1D6058940D05DD3E006BFB54 /* Debug */ = {
			isa = XCBuildConfiguration;
			buildSettings = {
				ALWAYS_SEARCH_USER_PATHS = NO;
				CLANG_ENABLE_OBJC_ARC = YES;
				COPY_PHASE_STRIP = NO;
				GCC_DYNAMIC_NO_PIC = NO;
				GCC_OPTIMIZATION_LEVEL = 0;
				GCC_PRECOMPILE_PREFIX_HEADER = YES;
				GCC_PREFIX_HEADER = pet_Prefix.pch;
				HEADER_SEARCH_PATHS = "$(SDKROOT)/usr/include/libxml2";
				INFOPLIST_FILE = "pet-Info.plist";
				IPHONEOS_DEPLOYMENT_TARGET = 5.1;
				PRODUCT_NAME = pet;
			};
			name = Debug;
		};
		1D6058950D05DD3E006BFB54 /* Release */ = {
			isa = XCBuildConfiguration;
			buildSettings = {
				ALWAYS_SEARCH_USER_PATHS = NO;
				CLANG_ENABLE_OBJC_ARC = YES;
				COPY_PHASE_STRIP = YES;
				GCC_PRECOMPILE_PREFIX_HEADER = YES;
				GCC_PREFIX_HEADER = pet_Prefix.pch;
				HEADER_SEARCH_PATHS = "$(SDKROOT)/usr/include/libxml2";
				INFOPLIST_FILE = "pet-Info.plist";
				IPHONEOS_DEPLOYMENT_TARGET = 5.1;
				PRODUCT_NAME = pet;
				VALIDATE_PRODUCT = YES;
			};
			name = Release;
		};
		C01FCF4F08A954540054247B /* Debug */ = {
			isa = XCBuildConfiguration;
			buildSettings = {
				ARCHS = "$(ARCHS_STANDARD_32_BIT)";
				"CODE_SIGN_IDENTITY[sdk=iphoneos*]" = "iPhone Developer";
				GCC_C_LANGUAGE_STANDARD = c99;
				GCC_WARN_ABOUT_RETURN_TYPE = YES;
				GCC_WARN_UNUSED_VARIABLE = YES;
				SDKROOT = iphoneos;
			};
			name = Debug;
		};
		C01FCF5008A954540054247B /* Release */ = {
			isa = XCBuildConfiguration;
			buildSettings = {
				ARCHS = "$(ARCHS_STANDARD_32_BIT)";
				"CODE_SIGN_IDENTITY[sdk=iphoneos*]" = "iPhone Developer";
				GCC_C_LANGUAGE_STANDARD = c99;
				GCC_WARN_ABOUT_RETURN_TYPE = YES;
				GCC_WARN_UNUSED_VARIABLE = YES;
				OTHER_CFLAGS = "-DNS_BLOCK_ASSERTIONS=1";
				SDKROOT = iphoneos;
			};
			name = Release;
		};
/* End XCBuildConfiguration section */

/* Begin XCConfigurationList section */
		1D6058960D05DD3E006BFB54 /* Build configuration list for PBXNativeTarget "pet" */ = {
			isa = XCConfigurationList;
			buildConfigurations = (
				1D6058940D05DD3E006BFB54 /* Debug */,
				1D6058950D05DD3E006BFB54 /* Release */,
			);
			defaultConfigurationIsVisible = 0;
			defaultConfigurationName = Release;
		};
		C01FCF4E08A954540054247B /* Build configuration list for PBXProject "pet" */ = {
			isa = XCConfigurationList;
			buildConfigurations = (
				C01FCF4F08A954540054247B /* Debug */,
				C01FCF5008A954540054247B /* Release */,
			);
			defaultConfigurationIsVisible = 0;
			defaultConfigurationName = Release;
		};
/* End XCConfigurationList section */
	};
	rootObject = 29B97313FDCFA39411CA2CEA /* Project object */;
}
